
Microsoft Visual Studio Solution File, Format Version 12.00
# Visual Studio Version 16
VisualStudioVersion = 16.0.29920.165
MinimumVisualStudioVersion = 10.0.40219.1
Project("{9A19103F-16F7-4668-BE54-9A1E7A4F7556}") = "XingeV3Demo", "XingeV3Demo\XingeV3Demo.csproj", "{EEC1B147-E08C-46C9-8025-109B0595CC9A}"
EndProject
Project("{9A19103F-16F7-4668-BE54-9A1E7A4F7556}") = "Cloud.Xinge", "Cloud.Xinge\Cloud.Xinge.csproj", "{94C8434E-0DD1-4147-A5AE-354D1B65F119}"
EndProject
Global
	GlobalSection(SolutionConfigurationPlatforms) = preSolution
		Debug|Any CPU = Debug|Any CPU
		Release|Any CPU = Release|Any CPU
	EndGlobalSection
	GlobalSection(ProjectConfigurationPlatforms) = postSolution
		{EEC1B147-E08C-46C9-8025-109B0595CC9A}.Debug|Any CPU.ActiveCfg = Debug|Any CPU
		{EEC1B147-E08C-46C9-8025-109B0595CC9A}.Debug|Any CPU.Build.0 = Debug|Any CPU
		{EEC1B147-E08C-46C9-8025-109B0595CC9A}.Release|Any CPU.ActiveCfg = Release|Any CPU
		{EEC1B147-E08C-46C9-8025-109B0595CC9A}.Release|Any CPU.Build.0 = Release|Any CPU
		{94C8434E-0DD1-4147-A5AE-354D1B65F119}.Debug|Any CPU.ActiveCfg = Debug|Any CPU
		{94C8434E-0DD1-4147-A5AE-354D1B65F119}.Debug|Any CPU.Build.0 = Debug|Any CPU
		{94C8434E-0DD1-4147-A5AE-354D1B65F119}.Release|Any CPU.ActiveCfg = Release|Any CPU
		{94C8434E-0DD1-4147-A5AE-354D1B65F119}.Release|Any CPU.Build.0 = Release|Any CPU
	EndGlobalSection
	GlobalSection(SolutionProperties) = preSolution
		HideSolutionNode = FALSE
	EndGlobalSection
	GlobalSection(ExtensibilityGlobals) = postSolution
		SolutionGuid = {BCFBA3C5-62D1-41DD-A580-57AF1EEC7513}
	EndGlobalSection
EndGlobal
